
Microsoft Visual Studio Solution File, Format Version 12.00
# Visual Studio Version 16
VisualStudioVersion = 16.0.31515.178
MinimumVisualStudioVersion = 10.0.40219.1
Project("{FAE04EC0-301F-11D3-BF4B-00C04F79EFBC}") = "MaoNaMassa", "MaoNaMassa\MaoNaMassa.csproj", "{95B31280-BF92-47D9-9D8E-BF7915B4507F}"
EndProject
Global
	GlobalSection(SolutionConfigurationPlatforms) = preSolution
		Debug|Any CPU = Debug|Any CPU
		Release|Any CPU = Release|Any CPU
	EndGlobalSection
	GlobalSection(ProjectConfigurationPlatforms) = postSolution
		{95B31280-BF92-47D9-9D8E-BF7915B4507F}.Debug|Any CPU.ActiveCfg = Debug|Any CPU
		{95B31280-BF92-47D9-9D8E-BF7915B4507F}.Debug|Any CPU.Build.0 = Debug|Any CPU
		{95B31280-BF92-47D9-9D8E-BF7915B4507F}.Release|Any CPU.ActiveCfg = Release|Any CPU
		{95B31280-BF92-47D9-9D8E-BF7915B4507F}.Release|Any CPU.Build.0 = Release|Any CPU
	EndGlobalSection
	GlobalSection(SolutionProperties) = preSolution
		HideSolutionNode = FALSE
	EndGlobalSection
	GlobalSection(ExtensibilityGlobals) = postSolution
		SolutionGuid = {8ED13635-D953-41EA-AB29-BE6B56B9EF2E}
	EndGlobalSection
EndGlobal
